
Microsoft Visual Studio Solution File, Format Version 12.00
# Visual Studio Version 17
VisualStudioVersion = 17.10.34928.147
MinimumVisualStudioVersion = 10.0.40219.1
Project("{FAE04EC0-301F-11D3-BF4B-00C04F79EFBC}") = "WinFormsAppGen", "WinFormsAppGen.csproj", "{EDF220D6-F97F-4FAD-97EE-60064CEE7345}"
EndProject
Global
	GlobalSection(SolutionConfigurationPlatforms) = preSolution
		Debug|Any CPU = Debug|Any CPU
		Release|Any CPU = Release|Any CPU
	EndGlobalSection
	GlobalSection(ProjectConfigurationPlatforms) = postSolution
		{EDF220D6-F97F-4FAD-97EE-60064CEE7345}.Debug|Any CPU.ActiveCfg = Debug|Any CPU
		{EDF220D6-F97F-4FAD-97EE-60064CEE7345}.Debug|Any CPU.Build.0 = Debug|Any CPU
		{EDF220D6-F97F-4FAD-97EE-60064CEE7345}.Release|Any CPU.ActiveCfg = Release|Any CPU
		{EDF220D6-F97F-4FAD-97EE-60064CEE7345}.Release|Any CPU.Build.0 = Release|Any CPU
	EndGlobalSection
	GlobalSection(SolutionProperties) = preSolution
		HideSolutionNode = FALSE
	EndGlobalSection
	GlobalSection(ExtensibilityGlobals) = postSolution
		SolutionGuid = {29237152-14E3-46BC-B4F0-5F7C01DFB655}
	EndGlobalSection
EndGlobal
